
Microsoft Visual Studio Solution File, Format Version 12.00
# Visual Studio 15
VisualStudioVersion = 15.0.27428.2043
MinimumVisualStudioVersion = 10.0.40219.1
Project("{9A19103F-16F7-4668-BE54-9A1E7A4F7556}") = "ZiXinUIDemo", "ZiXinUIDemo\ZiXinUIDemo.csproj", "{A09E9CCF-3968-482D-8CBA-6791DF29BBC1}"
EndProject
Global
	GlobalSection(SolutionConfigurationPlatforms) = preSolution
		Debug|Any CPU = Debug|Any CPU
		Release|Any CPU = Release|Any CPU
	EndGlobalSection
	GlobalSection(ProjectConfigurationPlatforms) = postSolution
		{A09E9CCF-3968-482D-8CBA-6791DF29BBC1}.Debug|Any CPU.ActiveCfg = Debug|Any CPU
		{A09E9CCF-3968-482D-8CBA-6791DF29BBC1}.Debug|Any CPU.Build.0 = Debug|Any CPU
		{A09E9CCF-3968-482D-8CBA-6791DF29BBC1}.Release|Any CPU.ActiveCfg = Release|Any CPU
		{A09E9CCF-3968-482D-8CBA-6791DF29BBC1}.Release|Any CPU.Build.0 = Release|Any CPU
	EndGlobalSection
	GlobalSection(SolutionProperties) = preSolution
		HideSolutionNode = FALSE
	EndGlobalSection
	GlobalSection(ExtensibilityGlobals) = postSolution
		SolutionGuid = {52064D3D-D239-4EA1-9C2E-4DB2D2AC7CB8}
	EndGlobalSection
EndGlobal
