
Microsoft Visual Studio Solution File, Format Version 12.00
# Visual Studio 15
VisualStudioVersion = 15.0.27428.2043
MinimumVisualStudioVersion = 10.0.40219.1
Project("{9A19103F-16F7-4668-BE54-9A1E7A4F7556}") = "ZiXinUIDemo", "ZiXinUIDemo\ZiXinUIDemo.csproj", "{A09E9CCF-3968-482D-8CBA-6791DF29BBC1}"
EndProject
Project("{FAE04EC0-301F-11D3-BF4B-00C04F79EFBC}") = "Apple", "Apple\Apple.csproj", "{984F6647-7CFC-4D0D-AEC6-0274DAB2A0B6}"
EndProject
Project("{FAE04EC0-301F-11D3-BF4B-00C04F79EFBC}") = "UISet", "UISet\UISet.csproj", "{7770C1E7-6399-4509-A2B8-D8800047E7E6}"
EndProject
Global
	GlobalSection(SolutionConfigurationPlatforms) = preSolution
		Debug|Any CPU = Debug|Any CPU
		Release|Any CPU = Release|Any CPU
	EndGlobalSection
	GlobalSection(ProjectConfigurationPlatforms) = postSolution
		{A09E9CCF-3968-482D-8CBA-6791DF29BBC1}.Debug|Any CPU.ActiveCfg = Debug|Any CPU
		{A09E9CCF-3968-482D-8CBA-6791DF29BBC1}.Debug|Any CPU.Build.0 = Debug|Any CPU
		{A09E9CCF-3968-482D-8CBA-6791DF29BBC1}.Release|Any CPU.ActiveCfg = Release|Any CPU
		{A09E9CCF-3968-482D-8CBA-6791DF29BBC1}.Release|Any CPU.Build.0 = Release|Any CPU
		{984F6647-7CFC-4D0D-AEC6-0274DAB2A0B6}.Debug|Any CPU.ActiveCfg = Debug|Any CPU
		{984F6647-7CFC-4D0D-AEC6-0274DAB2A0B6}.Debug|Any CPU.Build.0 = Debug|Any CPU
		{984F6647-7CFC-4D0D-AEC6-0274DAB2A0B6}.Release|Any CPU.ActiveCfg = Release|Any CPU
		{984F6647-7CFC-4D0D-AEC6-0274DAB2A0B6}.Release|Any CPU.Build.0 = Release|Any CPU
		{7770C1E7-6399-4509-A2B8-D8800047E7E6}.Debug|Any CPU.ActiveCfg = Debug|Any CPU
		{7770C1E7-6399-4509-A2B8-D8800047E7E6}.Debug|Any CPU.Build.0 = Debug|Any CPU
		{7770C1E7-6399-4509-A2B8-D8800047E7E6}.Release|Any CPU.ActiveCfg = Release|Any CPU
		{7770C1E7-6399-4509-A2B8-D8800047E7E6}.Release|Any CPU.Build.0 = Release|Any CPU
	EndGlobalSection
	GlobalSection(SolutionProperties) = preSolution
		HideSolutionNode = FALSE
	EndGlobalSection
	GlobalSection(ExtensibilityGlobals) = postSolution
		SolutionGuid = {52064D3D-D239-4EA1-9C2E-4DB2D2AC7CB8}
	EndGlobalSection
EndGlobal
